// !$*UTF8*$!
{
	archiveVersion = 1;
	classes = {
	};
	objectVersion = 56;
	objects = {

/* Begin PBXBuildFile section */
		CE015BBB2ABD785600E560D1 /* AppDelegate.swift in Sources */ = {isa = PBXBuildFile; fileRef = CE015BBA2ABD785600E560D1 /* AppDelegate.swift */; };
		CE015BBD2ABD785600E560D1 /* SceneDelegate.swift in Sources */ = {isa = PBXBuildFile; fileRef = CE015BBC2ABD785600E560D1 /* SceneDelegate.swift */; };
		CE015BBF2ABD785600E560D1 /* HomeVC.swift in Sources */ = {isa = PBXBuildFile; fileRef = CE015BBE2ABD785600E560D1 /* HomeVC.swift */; };
		CE015BC22ABD785600E560D1 /* Main.storyboard in Resources */ = {isa = PBXBuildFile; fileRef = CE015BC02ABD785600E560D1 /* Main.storyboard */; };
		CE015BC42ABD785800E560D1 /* Assets.xcassets in Resources */ = {isa = PBXBuildFile; fileRef = CE015BC32ABD785800E560D1 /* Assets.xcassets */; };
		CE015BC72ABD785800E560D1 /* LaunchScreen.storyboard in Resources */ = {isa = PBXBuildFile; fileRef = CE015BC52ABD785800E560D1 /* LaunchScreen.storyboard */; };
		CE440E622AD40FF900F99243 /* MessagesVC.swift in Sources */ = {isa = PBXBuildFile; fileRef = CE440E612AD40FF900F99243 /* MessagesVC.swift */; };
		CE440E642AD410F700F99243 /* Message.swift in Sources */ = {isa = PBXBuildFile; fileRef = CE440E632AD410F700F99243 /* Message.swift */; };
		CE440E682AD4128C00F99243 /* MessageTVC.swift in Sources */ = {isa = PBXBuildFile; fileRef = CE440E662AD4128C00F99243 /* MessageTVC.swift */; };
		CE440E692AD4128C00F99243 /* MessageTVC.xib in Resources */ = {isa = PBXBuildFile; fileRef = CE440E672AD4128C00F99243 /* MessageTVC.xib */; };
		CE7CF5422B07A29D00FEA332 /* TabBarController.swift in Sources */ = {isa = PBXBuildFile; fileRef = CE7CF5412B07A29D00FEA332 /* TabBarController.swift */; };
		CEA709C32ACBF3A60071F930 /* Post.swift in Sources */ = {isa = PBXBuildFile; fileRef = CEA709C22ACBF3A60071F930 /* Post.swift */; };
		CEA709C52ACBF5420071F930 /* User.swift in Sources */ = {isa = PBXBuildFile; fileRef = CEA709C42ACBF5420071F930 /* User.swift */; };
		CEA709CA2ACC00860071F930 /* PostTVC.swift in Sources */ = {isa = PBXBuildFile; fileRef = CEA709C82ACC00860071F930 /* PostTVC.swift */; };
		CEA709CB2ACC00860071F930 /* PostTVC.xib in Resources */ = {isa = PBXBuildFile; fileRef = CEA709C92ACC00860071F930 /* PostTVC.xib */; };
/* End PBXBuildFile section */

/* Begin PBXFileReference section */
		CE015BB72ABD785600E560D1 /* X.app */ = {isa = PBXFileReference; explicitFileType = wrapper.application; includeInIndex = 0; path = X.app; sourceTree = BUILT_PRODUCTS_DIR; };
		CE015BBA2ABD785600E560D1 /* AppDelegate.swift */ = {isa = PBXFileReference; lastKnownFileType = sourcecode.swift; path = AppDelegate.swift; sourceTree = "<group>"; };
		CE015BBC2ABD785600E560D1 /* SceneDelegate.swift */ = {isa = PBXFileReference; lastKnownFileType = sourcecode.swift; path = SceneDelegate.swift; sourceTree = "<group>"; };
		CE015BBE2ABD785600E560D1 /* HomeVC.swift */ = {isa = PBXFileReference; lastKnownFileType = sourcecode.swift; path = HomeVC.swift; sourceTree = "<group>"; };
		CE015BC12ABD785600E560D1 /* Base */ = {isa = PBXFileReference; lastKnownFileType = file.storyboard; name = Base; path = Base.lproj/Main.storyboard; sourceTree = "<group>"; };
		CE015BC32ABD785800E560D1 /* Assets.xcassets */ = {isa = PBXFileReference; lastKnownFileType = folder.assetcatalog; path = Assets.xcassets; sourceTree = "<group>"; };
		CE015BC62ABD785800E560D1 /* Base */ = {isa = PBXFileReference; lastKnownFileType = file.storyboard; name = Base; path = Base.lproj/LaunchScreen.storyboard; sourceTree = "<group>"; };
		CE015BC82ABD785800E560D1 /* Info.plist */ = {isa = PBXFileReference; lastKnownFileType = text.plist.xml; path = Info.plist; sourceTree = "<group>"; };
		CE440E612AD40FF900F99243 /* MessagesVC.swift */ = {isa = PBXFileReference; lastKnownFileType = sourcecode.swift; path = MessagesVC.swift; sourceTree = "<group>"; };
		CE440E632AD410F700F99243 /* Message.swift */ = {isa = PBXFileReference; lastKnownFileType = sourcecode.swift; path = Message.swift; sourceTree = "<group>"; };
		CE440E662AD4128C00F99243 /* MessageTVC.swift */ = {isa = PBXFileReference; lastKnownFileType = sourcecode.swift; path = MessageTVC.swift; sourceTree = "<group>"; };
		CE440E672AD4128C00F99243 /* MessageTVC.xib */ = {isa = PBXFileReference; lastKnownFileType = file.xib; path = MessageTVC.xib; sourceTree = "<group>"; };
		CE7CF5412B07A29D00FEA332 /* TabBarController.swift */ = {isa = PBXFileReference; lastKnownFileType = sourcecode.swift; path = TabBarController.swift; sourceTree = "<group>"; };
		CEA709C22ACBF3A60071F930 /* Post.swift */ = {isa = PBXFileReference; lastKnownFileType = sourcecode.swift; path = Post.swift; sourceTree = "<group>"; };
		CEA709C42ACBF5420071F930 /* User.swift */ = {isa = PBXFileReference; lastKnownFileType = sourcecode.swift; path = User.swift; sourceTree = "<group>"; };
		CEA709C82ACC00860071F930 /* PostTVC.swift */ = {isa = PBXFileReference; lastKnownFileType = sourcecode.swift; path = PostTVC.swift; sourceTree = "<group>"; };
		CEA709C92ACC00860071F930 /* PostTVC.xib */ = {isa = PBXFileReference; lastKnownFileType = file.xib; path = PostTVC.xib; sourceTree = "<group>"; };
/* End PBXFileReference section */

/* Begin PBXFrameworksBuildPhase section */
		CE015BB42ABD785600E560D1 /* Frameworks */ = {
			isa = PBXFrameworksBuildPhase;
			buildActionMask = 2147483647;
			files = (
			);
			runOnlyForDeploymentPostprocessing = 0;
		};
/* End PBXFrameworksBuildPhase section */

/* Begin PBXGroup section */
		CE015BAE2ABD785600E560D1 = {
			isa = PBXGroup;
			children = (
				CE015BB92ABD785600E560D1 /* X */,
				CE015BB82ABD785600E560D1 /* Products */,
			);
			sourceTree = "<group>";
		};
		CE015BB82ABD785600E560D1 /* Products */ = {
			isa = PBXGroup;
			children = (
				CE015BB72ABD785600E560D1 /* X.app */,
			);
			name = Products;
			sourceTree = "<group>";
		};
		CE015BB92ABD785600E560D1 /* X */ = {
			isa = PBXGroup;
			children = (
				CEA709C62ACC00560071F930 /* Nib */,
				CEA709C12ACBF3830071F930 /* Model */,
				CE3FF47F2ACBE42700BAB441 /* View */,
				CE015BBA2ABD785600E560D1 /* AppDelegate.swift */,
				CE015BBC2ABD785600E560D1 /* SceneDelegate.swift */,
				CE015BC02ABD785600E560D1 /* Main.storyboard */,
				CE015BC32ABD785800E560D1 /* Assets.xcassets */,
				CE015BC52ABD785800E560D1 /* LaunchScreen.storyboard */,
				CE015BC82ABD785800E560D1 /* Info.plist */,
			);
			path = X;
			sourceTree = "<group>";
		};
		CE3FF47F2ACBE42700BAB441 /* View */ = {
			isa = PBXGroup;
			children = (
				CE015BBE2ABD785600E560D1 /* HomeVC.swift */,
				CE440E612AD40FF900F99243 /* MessagesVC.swift */,
			);
			path = View;
			sourceTree = "<group>";
		};
		CE440E652AD4126600F99243 /* MessageTVC */ = {
			isa = PBXGroup;
			children = (
				CE440E662AD4128C00F99243 /* MessageTVC.swift */,
				CE440E672AD4128C00F99243 /* MessageTVC.xib */,
			);
			path = MessageTVC;
			sourceTree = "<group>";
		};
		CE7CF5402B07A27400FEA332 /* TabBarController */ = {
			isa = PBXGroup;
			children = (
				CE7CF5412B07A29D00FEA332 /* TabBarController.swift */,
			);
			path = TabBarController;
			sourceTree = "<group>";
		};
		CEA709C12ACBF3830071F930 /* Model */ = {
			isa = PBXGroup;
			children = (
				CEA709C22ACBF3A60071F930 /* Post.swift */,
				CEA709C42ACBF5420071F930 /* User.swift */,
				CE440E632AD410F700F99243 /* Message.swift */,
			);
			path = Model;
			sourceTree = "<group>";
		};
		CEA709C62ACC00560071F930 /* Nib */ = {
			isa = PBXGroup;
			children = (
				CE7CF5402B07A27400FEA332 /* TabBarController */,
				CE440E652AD4126600F99243 /* MessageTVC */,
				CEA709C72ACC00650071F930 /* PostTVC */,
			);
			path = Nib;
			sourceTree = "<group>";
		};
		CEA709C72ACC00650071F930 /* PostTVC */ = {
			isa = PBXGroup;
			children = (
				CEA709C82ACC00860071F930 /* PostTVC.swift */,
				CEA709C92ACC00860071F930 /* PostTVC.xib */,
			);
			path = PostTVC;
			sourceTree = "<group>";
		};
/* End PBXGroup section */

/* Begin PBXNativeTarget section */
		CE015BB62ABD785600E560D1 /* X */ = {
			isa = PBXNativeTarget;
			buildConfigurationList = CE015BCB2ABD785800E560D1 /* Build configuration list for PBXNativeTarget "X" */;
			buildPhases = (
				CE015BB32ABD785600E560D1 /* Sources */,
				CE015BB42ABD785600E560D1 /* Frameworks */,
				CE015BB52ABD785600E560D1 /* Resources */,
			);
			buildRules = (
			);
			dependencies = (
			);
			name = X;
			productName = X;
			productReference = CE015BB72ABD785600E560D1 /* X.app */;
			productType = "com.apple.product-type.application";
		};
/* End PBXNativeTarget section */

/* Begin PBXProject section */
		CE015BAF2ABD785600E560D1 /* Project object */ = {
			isa = PBXProject;
			attributes = {
				BuildIndependentTargetsInParallel = 1;
				LastSwiftUpdateCheck = 1430;
				LastUpgradeCheck = 1500;
				TargetAttributes = {
					CE015BB62ABD785600E560D1 = {
						CreatedOnToolsVersion = 14.3.1;
					};
				};
			};
			buildConfigurationList = CE015BB22ABD785600E560D1 /* Build configuration list for PBXProject "X" */;
			compatibilityVersion = "Xcode 14.0";
			developmentRegion = en;
			hasScannedForEncodings = 0;
			knownRegions = (
				en,
				Base,
			);
			mainGroup = CE015BAE2ABD785600E560D1;
			productRefGroup = CE015BB82ABD785600E560D1 /* Products */;
			projectDirPath = "";
			projectRoot = "";
			targets = (
				CE015BB62ABD785600E560D1 /* X */,
			);
		};
/* End PBXProject section */

/* Begin PBXResourcesBuildPhase section */
		CE015BB52ABD785600E560D1 /* Resources */ = {
			isa = PBXResourcesBuildPhase;
			buildActionMask = 2147483647;
			files = (
				CE015BC72ABD785800E560D1 /* LaunchScreen.storyboard in Resources */,
				CE440E692AD4128C00F99243 /* MessageTVC.xib in Resources */,
				CE015BC42ABD785800E560D1 /* Assets.xcassets in Resources */,
				CE015BC22ABD785600E560D1 /* Main.storyboard in Resources */,
				CEA709CB2ACC00860071F930 /* PostTVC.xib in Resources */,
			);
			runOnlyForDeploymentPostprocessing = 0;
		};
/* End PBXResourcesBuildPhase section */

/* Begin PBXSourcesBuildPhase section */
		CE015BB32ABD785600E560D1 /* Sources */ = {
			isa = PBXSourcesBuildPhase;
			buildActionMask = 2147483647;
			files = (
				CE015BBF2ABD785600E560D1 /* HomeVC.swift in Sources */,
				CEA709CA2ACC00860071F930 /* PostTVC.swift in Sources */,
				CEA709C32ACBF3A60071F930 /* Post.swift in Sources */,
				CE7CF5422B07A29D00FEA332 /* TabBarController.swift in Sources */,
				CE440E642AD410F700F99243 /* Message.swift in Sources */,
				CE015BBB2ABD785600E560D1 /* AppDelegate.swift in Sources */,
				CE440E622AD40FF900F99243 /* MessagesVC.swift in Sources */,
				CEA709C52ACBF5420071F930 /* User.swift in Sources */,
				CE015BBD2ABD785600E560D1 /* SceneDelegate.swift in Sources */,
				CE440E682AD4128C00F99243 /* MessageTVC.swift in Sources */,
			);
			runOnlyForDeploymentPostprocessing = 0;
		};
/* End PBXSourcesBuildPhase section */

/* Begin PBXVariantGroup section */
		CE015BC02ABD785600E560D1 /* Main.storyboard */ = {
			isa = PBXVariantGroup;
			children = (
				CE015BC12ABD785600E560D1 /* Base */,
			);
			name = Main.storyboard;
			sourceTree = "<group>";
		};
		CE015BC52ABD785800E560D1 /* LaunchScreen.storyboard */ = {
			isa = PBXVariantGroup;
			children = (
				CE015BC62ABD785800E560D1 /* Base */,
			);
			name = LaunchScreen.storyboard;
			sourceTree = "<group>";
		};
/* End PBXVariantGroup section */

/* Begin XCBuildConfiguration section */
		CE015BC92ABD785800E560D1 /* Debug */ = {
			isa = XCBuildConfiguration;
			buildSettings = {
				ALWAYS_SEARCH_USER_PATHS = NO;
				CLANG_ANALYZER_NONNULL = YES;
				CLANG_ANALYZER_NUMBER_OBJECT_CONVERSION = YES_AGGRESSIVE;
				CLANG_CXX_LANGUAGE_STANDARD = "gnu++20";
				CLANG_ENABLE_MODULES = YES;
				CLANG_ENABLE_OBJC_ARC = YES;
				CLANG_ENABLE_OBJC_WEAK = YES;
				CLANG_WARN_BLOCK_CAPTURE_AUTORELEASING = YES;
				CLANG_WARN_BOOL_CONVERSION = YES;
				CLANG_WARN_COMMA = YES;
				CLANG_WARN_CONSTANT_CONVERSION = YES;
				CLANG_WARN_DEPRECATED_OBJC_IMPLEMENTATIONS = YES;
				CLANG_WARN_DIRECT_OBJC_ISA_USAGE = YES_ERROR;
				CLANG_WARN_DOCUMENTATION_COMMENTS = YES;
				CLANG_WARN_EMPTY_BODY = YES;
				CLANG_WARN_ENUM_CONVERSION = YES;
				CLANG_WARN_INFINITE_RECURSION = YES;
				CLANG_WARN_INT_CONVERSION = YES;
				CLANG_WARN_NON_LITERAL_NULL_CONVERSION = YES;
				CLANG_WARN_OBJC_IMPLICIT_RETAIN_SELF = YES;
				CLANG_WARN_OBJC_LITERAL_CONVERSION = YES;
				CLANG_WARN_OBJC_ROOT_CLASS = YES_ERROR;
				CLANG_WARN_QUOTED_INCLUDE_IN_FRAMEWORK_HEADER = YES;
				CLANG_WARN_RANGE_LOOP_ANALYSIS = YES;
				CLANG_WARN_STRICT_PROTOTYPES = YES;
				CLANG_WARN_SUSPICIOUS_MOVE = YES;
				CLANG_WARN_UNGUARDED_AVAILABILITY = YES_AGGRESSIVE;
				CLANG_WARN_UNREACHABLE_CODE = YES;
				CLANG_WARN__DUPLICATE_METHOD_MATCH = YES;
				COPY_PHASE_STRIP = NO;
				DEBUG_INFORMATION_FORMAT = dwarf;
				ENABLE_STRICT_OBJC_MSGSEND = YES;
				ENABLE_TESTABILITY = YES;
				ENABLE_USER_SCRIPT_SANDBOXING = YES;
				GCC_C_LANGUAGE_STANDARD = gnu11;
				GCC_DYNAMIC_NO_PIC = NO;
				GCC_NO_COMMON_BLOCKS = YES;
				GCC_OPTIMIZATION_LEVEL = 0;
				GCC_PREPROCESSOR_DEFINITIONS = (
					"DEBUG=1",
					"$(inherited)",
				);
				GCC_WARN_64_TO_32_BIT_CONVERSION = YES;
				GCC_WARN_ABOUT_RETURN_TYPE = YES_ERROR;
				GCC_WARN_UNDECLARED_SELECTOR = YES;
				GCC_WARN_UNINITIALIZED_AUTOS = YES_AGGRESSIVE;
				GCC_WARN_UNUSED_FUNCTION = YES;
				GCC_WARN_UNUSED_VARIABLE = YES;
				IPHONEOS_DEPLOYMENT_TARGET = 16.4;
				MTL_ENABLE_DEBUG_INFO = INCLUDE_SOURCE;
				MTL_FAST_MATH = YES;
				ONLY_ACTIVE_ARCH = YES;
				SDKROOT = iphoneos;
				SWIFT_ACTIVE_COMPILATION_CONDITIONS = DEBUG;
				SWIFT_OPTIMIZATION_LEVEL = "-Onone";
			};
			name = Debug;
		};
		CE015BCA2ABD785800E560D1 /* Release */ = {
			isa = XCBuildConfiguration;
			buildSettings = {
				ALWAYS_SEARCH_USER_PATHS = NO;
				CLANG_ANALYZER_NONNULL = YES;
				CLANG_ANALYZER_NUMBER_OBJECT_CONVERSION = YES_AGGRESSIVE;
				CLANG_CXX_LANGUAGE_STANDARD = "gnu++20";
				CLANG_ENABLE_MODULES = YES;
				CLANG_ENABLE_OBJC_ARC = YES;
				CLANG_ENABLE_OBJC_WEAK = YES;
				CLANG_WARN_BLOCK_CAPTURE_AUTORELEASING = YES;
				CLANG_WARN_BOOL_CONVERSION = YES;
				CLANG_WARN_COMMA = YES;
				CLANG_WARN_CONSTANT_CONVERSION = YES;
				CLANG_WARN_DEPRECATED_OBJC_IMPLEMENTATIONS = YES;
				CLANG_WARN_DIRECT_OBJC_ISA_USAGE = YES_ERROR;
				CLANG_WARN_DOCUMENTATION_COMMENTS = YES;
				CLANG_WARN_EMPTY_BODY = YES;
				CLANG_WARN_ENUM_CONVERSION = YES;
				CLANG_WARN_INFINITE_RECURSION = YES;
				CLANG_WARN_INT_CONVERSION = YES;
				CLANG_WARN_NON_LITERAL_NULL_CONVERSION = YES;
				CLANG_WARN_OBJC_IMPLICIT_RETAIN_SELF = YES;
				CLANG_WARN_OBJC_LITERAL_CONVERSION = YES;
				CLANG_WARN_OBJC_ROOT_CLASS = YES_ERROR;
				CLANG_WARN_QUOTED_INCLUDE_IN_FRAMEWORK_HEADER = YES;
				CLANG_WARN_RANGE_LOOP_ANALYSIS = YES;
				CLANG_WARN_STRICT_PROTOTYPES = YES;
				CLANG_WARN_SUSPICIOUS_MOVE = YES;
				CLANG_WARN_UNGUARDED_AVAILABILITY = YES_AGGRESSIVE;
				CLANG_WARN_UNREACHABLE_CODE = YES;
				CLANG_WARN__DUPLICATE_METHOD_MATCH = YES;
				COPY_PHASE_STRIP = NO;
				DEBUG_INFORMATION_FORMAT = "dwarf-with-dsym";
				ENABLE_NS_ASSERTIONS = NO;
				ENABLE_STRICT_OBJC_MSGSEND = YES;
				ENABLE_USER_SCRIPT_SANDBOXING = YES;
				GCC_C_LANGUAGE_STANDARD = gnu11;
				GCC_NO_COMMON_BLOCKS = YES;
				GCC_WARN_64_TO_32_BIT_CONVERSION = YES;
				GCC_WARN_ABOUT_RETURN_TYPE = YES_ERROR;
				GCC_WARN_UNDECLARED_SELECTOR = YES;
				GCC_WARN_UNINITIALIZED_AUTOS = YES_AGGRESSIVE;
				GCC_WARN_UNUSED_FUNCTION = YES;
				GCC_WARN_UNUSED_VARIABLE = YES;
				IPHONEOS_DEPLOYMENT_TARGET = 16.4;
				MTL_ENABLE_DEBUG_INFO = NO;
				MTL_FAST_MATH = YES;
				SDKROOT = iphoneos;
				SWIFT_COMPILATION_MODE = wholemodule;
				SWIFT_OPTIMIZATION_LEVEL = "-O";
				VALIDATE_PRODUCT = YES;
			};
			name = Release;
		};
		CE015BCC2ABD785800E560D1 /* Debug */ = {
			isa = XCBuildConfiguration;
			buildSettings = {
				ASSETCATALOG_COMPILER_APPICON_NAME = AppIcon;
				ASSETCATALOG_COMPILER_GLOBAL_ACCENT_COLOR_NAME = AccentColor;
				CODE_SIGN_STYLE = Automatic;
				CURRENT_PROJECT_VERSION = 1;
				GENERATE_INFOPLIST_FILE = YES;
				INFOPLIST_FILE = X/Info.plist;
				INFOPLIST_KEY_UIApplicationSupportsIndirectInputEvents = YES;
				INFOPLIST_KEY_UILaunchStoryboardName = LaunchScreen;
				INFOPLIST_KEY_UIMainStoryboardFile = Main;
				INFOPLIST_KEY_UISupportedInterfaceOrientations_iPad = "UIInterfaceOrientationPortrait UIInterfaceOrientationPortraitUpsideDown UIInterfaceOrientationLandscapeLeft UIInterfaceOrientationLandscapeRight";
				INFOPLIST_KEY_UISupportedInterfaceOrientations_iPhone = "UIInterfaceOrientationPortrait UIInterfaceOrientationLandscapeLeft UIInterfaceOrientationLandscapeRight";
				LD_RUNPATH_SEARCH_PATHS = (
					"$(inherited)",
					"@executable_path/Frameworks",
				);
				MARKETING_VERSION = 1.0;
				PRODUCT_BUNDLE_IDENTIFIER = recepsenoglu.X;
				PRODUCT_NAME = "$(TARGET_NAME)";
				SWIFT_EMIT_LOC_STRINGS = YES;
				SWIFT_VERSION = 5.0;
				TARGETED_DEVICE_FAMILY = "1,2";
			};
			name = Debug;
		};
		CE015BCD2ABD785800E560D1 /* Release */ = {
			isa = XCBuildConfiguration;
			buildSettings = {
				ASSETCATALOG_COMPILER_APPICON_NAME = AppIcon;
				ASSETCATALOG_COMPILER_GLOBAL_ACCENT_COLOR_NAME = AccentColor;
				CODE_SIGN_STYLE = Automatic;
				CURRENT_PROJECT_VERSION = 1;
				GENERATE_INFOPLIST_FILE = YES;
				INFOPLIST_FILE = X/Info.plist;
				INFOPLIST_KEY_UIApplicationSupportsIndirectInputEvents = YES;
				INFOPLIST_KEY_UILaunchStoryboardName = LaunchScreen;
				INFOPLIST_KEY_UIMainStoryboardFile = Main;
				INFOPLIST_KEY_UISupportedInterfaceOrientations_iPad = "UIInterfaceOrientationPortrait UIInterfaceOrientationPortraitUpsideDown UIInterfaceOrientationLandscapeLeft UIInterfaceOrientationLandscapeRight";
				INFOPLIST_KEY_UISupportedInterfaceOrientations_iPhone = "UIInterfaceOrientationPortrait UIInterfaceOrientationLandscapeLeft UIInterfaceOrientationLandscapeRight";
				LD_RUNPATH_SEARCH_PATHS = (
					"$(inherited)",
					"@executable_path/Frameworks",
				);
				MARKETING_VERSION = 1.0;
				PRODUCT_BUNDLE_IDENTIFIER = recepsenoglu.X;
				PRODUCT_NAME = "$(TARGET_NAME)";
				SWIFT_EMIT_LOC_STRINGS = YES;
				SWIFT_VERSION = 5.0;
				TARGETED_DEVICE_FAMILY = "1,2";
			};
			name = Release;
		};
/* End XCBuildConfiguration section */

/* Begin XCConfigurationList section */
		CE015BB22ABD785600E560D1 /* Build configuration list for PBXProject "X" */ = {
			isa = XCConfigurationList;
			buildConfigurations = (
				CE015BC92ABD785800E560D1 /* Debug */,
				CE015BCA2ABD785800E560D1 /* Release */,
			);
			defaultConfigurationIsVisible = 0;
			defaultConfigurationName = Release;
		};
		CE015BCB2ABD785800E560D1 /* Build configuration list for PBXNativeTarget "X" */ = {
			isa = XCConfigurationList;
			buildConfigurations = (
				CE015BCC2ABD785800E560D1 /* Debug */,
				CE015BCD2ABD785800E560D1 /* Release */,
			);
			defaultConfigurationIsVisible = 0;
			defaultConfigurationName = Release;
		};
/* End XCConfigurationList section */
	};
	rootObject = CE015BAF2ABD785600E560D1 /* Project object */;
}
